
Microsoft Visual Studio Solution File, Format Version 12.00
# Visual Studio Version 16
VisualStudioVersion = 16.0.32929.386
MinimumVisualStudioVersion = 10.0.40219.1
Project("{8BC9CEB8-8B4A-11D0-8D11-00A0C91BC942}") = "2022.11.29", "2022.11.29.vcxproj", "{A4F9CC54-2EA4-4C43-B39E-F7A3457E861E}"
EndProject
Global
	GlobalSection(SolutionConfigurationPlatforms) = preSolution
		Debug|x64 = Debug|x64
		Debug|x86 = Debug|x86
		Release|x64 = Release|x64
		Release|x86 = Release|x86
	EndGlobalSection
	GlobalSection(ProjectConfigurationPlatforms) = postSolution
		{A4F9CC54-2EA4-4C43-B39E-F7A3457E861E}.Debug|x64.ActiveCfg = Debug|x64
		{A4F9CC54-2EA4-4C43-B39E-F7A3457E861E}.Debug|x64.Build.0 = Debug|x64
		{A4F9CC54-2EA4-4C43-B39E-F7A3457E861E}.Debug|x86.ActiveCfg = Debug|Win32
		{A4F9CC54-2EA4-4C43-B39E-F7A3457E861E}.Debug|x86.Build.0 = Debug|Win32
		{A4F9CC54-2EA4-4C43-B39E-F7A3457E861E}.Release|x64.ActiveCfg = Release|x64
		{A4F9CC54-2EA4-4C43-B39E-F7A3457E861E}.Release|x64.Build.0 = Release|x64
		{A4F9CC54-2EA4-4C43-B39E-F7A3457E861E}.Release|x86.ActiveCfg = Release|Win32
		{A4F9CC54-2EA4-4C43-B39E-F7A3457E861E}.Release|x86.Build.0 = Release|Win32
	EndGlobalSection
	GlobalSection(SolutionProperties) = preSolution
		HideSolutionNode = FALSE
	EndGlobalSection
	GlobalSection(ExtensibilityGlobals) = postSolution
		SolutionGuid = {13DBB37F-5F79-46E5-8125-D7E5022A0D15}
	EndGlobalSection
EndGlobal
