
Microsoft Visual Studio Solution File, Format Version 12.00
# Visual Studio Version 16
VisualStudioVersion = 16.0.32929.386
MinimumVisualStudioVersion = 10.0.40219.1
Project("{8BC9CEB8-8B4A-11D0-8D11-00A0C91BC942}") = "2022.12.09", "2022.12.09.vcxproj", "{7EF2B1F1-1B87-4A46-9644-3282B3805305}"
EndProject
Global
	GlobalSection(SolutionConfigurationPlatforms) = preSolution
		Debug|x64 = Debug|x64
		Debug|x86 = Debug|x86
		Release|x64 = Release|x64
		Release|x86 = Release|x86
	EndGlobalSection
	GlobalSection(ProjectConfigurationPlatforms) = postSolution
		{7EF2B1F1-1B87-4A46-9644-3282B3805305}.Debug|x64.ActiveCfg = Debug|x64
		{7EF2B1F1-1B87-4A46-9644-3282B3805305}.Debug|x64.Build.0 = Debug|x64
		{7EF2B1F1-1B87-4A46-9644-3282B3805305}.Debug|x86.ActiveCfg = Debug|Win32
		{7EF2B1F1-1B87-4A46-9644-3282B3805305}.Debug|x86.Build.0 = Debug|Win32
		{7EF2B1F1-1B87-4A46-9644-3282B3805305}.Release|x64.ActiveCfg = Release|x64
		{7EF2B1F1-1B87-4A46-9644-3282B3805305}.Release|x64.Build.0 = Release|x64
		{7EF2B1F1-1B87-4A46-9644-3282B3805305}.Release|x86.ActiveCfg = Release|Win32
		{7EF2B1F1-1B87-4A46-9644-3282B3805305}.Release|x86.Build.0 = Release|Win32
	EndGlobalSection
	GlobalSection(SolutionProperties) = preSolution
		HideSolutionNode = FALSE
	EndGlobalSection
	GlobalSection(ExtensibilityGlobals) = postSolution
		SolutionGuid = {4A3F59CE-4F0C-4C8C-B168-DDBC41C17440}
	EndGlobalSection
EndGlobal
